
Microsoft Visual Studio Solution File, Format Version 12.00
# Visual Studio 14
VisualStudioVersion = 14.0.24720.0
MinimumVisualStudioVersion = 10.0.40219.1
Project("{2150E333-8FDC-42A3-9474-1A3956D46DE8}") = ".nuget", ".nuget", "{44DD019E-8333-45AD-B5B4-A59F1BA99B7F}"
	ProjectSection(SolutionItems) = preProject
		.nuget\packages.config = .nuget\packages.config
	EndProjectSection
EndProject
Project("{2150E333-8FDC-42A3-9474-1A3956D46DE8}") = "src", "src", "{DD70FB01-0388-4DB7-84B3-EDE1F88F92AB}"
EndProject
Project("{2150E333-8FDC-42A3-9474-1A3956D46DE8}") = "test", "test", "{7F06BC61-8428-4E57-A9A2-9DEF86AE3BC7}"
EndProject
Project("{2150E333-8FDC-42A3-9474-1A3956D46DE8}") = "Solution Items", "Solution Items", "{3B5C1C3A-A9F8-49D1-BEF2-1CF69A6A53E9}"
	ProjectSection(SolutionItems) = preProject
		.gitattributes = .gitattributes
		.gitignore = .gitignore
		LICENSE.md = LICENSE.md
		NuGet.config = NuGet.config
		README.md = README.md
		RunTests.bat = RunTests.bat
	EndProjectSection
EndProject
Project("{FAE04EC0-301F-11D3-BF4B-00C04F79EFBC}") = "ShaderUnit", "src\ShaderUnit\ShaderUnit.csproj", "{1FCBB772-B521-4C9B-B970-C544A472C7BD}"
EndProject
Project("{FAE04EC0-301F-11D3-BF4B-00C04F79EFBC}") = "SampleTests", "test\SampleTests\SampleTests.csproj", "{3268FC52-EF4D-4C05-BE31-142B6AF48D99}"
EndProject
Project("{FAE04EC0-301F-11D3-BF4B-00C04F79EFBC}") = "ShaderUnitTests", "test\ShaderUnitTests\ShaderUnitTests.csproj", "{FE5FB140-F21F-4E45-876A-38AEF5BC8378}"
EndProject
Global
	GlobalSection(SolutionConfigurationPlatforms) = preSolution
		Debug|Any CPU = Debug|Any CPU
		Release|Any CPU = Release|Any CPU
	EndGlobalSection
	GlobalSection(ProjectConfigurationPlatforms) = postSolution
		{1FCBB772-B521-4C9B-B970-C544A472C7BD}.Debug|Any CPU.ActiveCfg = Debug|Any CPU
		{1FCBB772-B521-4C9B-B970-C544A472C7BD}.Debug|Any CPU.Build.0 = Debug|Any CPU
		{1FCBB772-B521-4C9B-B970-C544A472C7BD}.Release|Any CPU.ActiveCfg = Release|Any CPU
		{1FCBB772-B521-4C9B-B970-C544A472C7BD}.Release|Any CPU.Build.0 = Release|Any CPU
		{3268FC52-EF4D-4C05-BE31-142B6AF48D99}.Debug|Any CPU.ActiveCfg = Debug|Any CPU
		{3268FC52-EF4D-4C05-BE31-142B6AF48D99}.Debug|Any CPU.Build.0 = Debug|Any CPU
		{3268FC52-EF4D-4C05-BE31-142B6AF48D99}.Release|Any CPU.ActiveCfg = Release|Any CPU
		{3268FC52-EF4D-4C05-BE31-142B6AF48D99}.Release|Any CPU.Build.0 = Release|Any CPU
		{FE5FB140-F21F-4E45-876A-38AEF5BC8378}.Debug|Any CPU.ActiveCfg = Debug|Any CPU
		{FE5FB140-F21F-4E45-876A-38AEF5BC8378}.Debug|Any CPU.Build.0 = Debug|Any CPU
		{FE5FB140-F21F-4E45-876A-38AEF5BC8378}.Release|Any CPU.ActiveCfg = Release|Any CPU
		{FE5FB140-F21F-4E45-876A-38AEF5BC8378}.Release|Any CPU.Build.0 = Release|Any CPU
	EndGlobalSection
	GlobalSection(SolutionProperties) = preSolution
		HideSolutionNode = FALSE
	EndGlobalSection
	GlobalSection(NestedProjects) = preSolution
		{1FCBB772-B521-4C9B-B970-C544A472C7BD} = {DD70FB01-0388-4DB7-84B3-EDE1F88F92AB}
		{3268FC52-EF4D-4C05-BE31-142B6AF48D99} = {7F06BC61-8428-4E57-A9A2-9DEF86AE3BC7}
		{FE5FB140-F21F-4E45-876A-38AEF5BC8378} = {7F06BC61-8428-4E57-A9A2-9DEF86AE3BC7}
	EndGlobalSection
EndGlobal
